
Microsoft Visual Studio Solution File, Format Version 12.00
# Visual Studio 15
VisualStudioVersion = 15.0.27130.2027
MinimumVisualStudioVersion = 10.0.40219.1
Project("{8BC9CEB8-8B4A-11D0-8D11-00A0C91BC942}") = "qsort", "qsort\qsort.vcxproj", "{FC5F724A-EB66-4C4C-87A0-F56DB98EFE20}"
EndProject
Global
	GlobalSection(SolutionConfigurationPlatforms) = preSolution
		Debug|x64 = Debug|x64
		Debug|x86 = Debug|x86
		Release|x64 = Release|x64
		Release|x86 = Release|x86
	EndGlobalSection
	GlobalSection(ProjectConfigurationPlatforms) = postSolution
		{FC5F724A-EB66-4C4C-87A0-F56DB98EFE20}.Debug|x64.ActiveCfg = Debug|x64
		{FC5F724A-EB66-4C4C-87A0-F56DB98EFE20}.Debug|x64.Build.0 = Debug|x64
		{FC5F724A-EB66-4C4C-87A0-F56DB98EFE20}.Debug|x86.ActiveCfg = Debug|Win32
		{FC5F724A-EB66-4C4C-87A0-F56DB98EFE20}.Debug|x86.Build.0 = Debug|Win32
		{FC5F724A-EB66-4C4C-87A0-F56DB98EFE20}.Release|x64.ActiveCfg = Release|x64
		{FC5F724A-EB66-4C4C-87A0-F56DB98EFE20}.Release|x64.Build.0 = Release|x64
		{FC5F724A-EB66-4C4C-87A0-F56DB98EFE20}.Release|x86.ActiveCfg = Release|Win32
		{FC5F724A-EB66-4C4C-87A0-F56DB98EFE20}.Release|x86.Build.0 = Release|Win32
	EndGlobalSection
	GlobalSection(SolutionProperties) = preSolution
		HideSolutionNode = FALSE
	EndGlobalSection
	GlobalSection(ExtensibilityGlobals) = postSolution
		SolutionGuid = {DC0E7EBB-2B9F-46E1-948A-E6353DA94FE5}
	EndGlobalSection
EndGlobal
